// !$*UTF8*$!
{
	archiveVersion = 1;
	classes = {
	};
	objectVersion = 46;
	objects = {

/* Begin PBXBuildFile section */
		03581B941835547A0015E22B /* level-selection.png in Resources */ = {isa = PBXBuildFile; fileRef = 03581B931835547A0015E22B /* level-selection.png */; };
		0D25777C1828BBF600CC65EE /* LevelSelectionNode.m in Sources */ = {isa = PBXBuildFile; fileRef = 0D25777B1828BBF600CC65EE /* LevelSelectionNode.m */; };
		0D501B92181F716700870EB0 /* GameView.m in Sources */ = {isa = PBXBuildFile; fileRef = 0D501B91181F716700870EB0 /* GameView.m */; };
		0D501B95181F718400870EB0 /* LevelModel.m in Sources */ = {isa = PBXBuildFile; fileRef = 0D501B94181F718400870EB0 /* LevelModel.m */; };
		0DBB59B4182C0F5F002353CF /* para-open.png in Resources */ = {isa = PBXBuildFile; fileRef = 0DBB59B3182C0F5F002353CF /* para-open.png */; };
		0DBB59B6182C1734002353CF /* sq-open.png in Resources */ = {isa = PBXBuildFile; fileRef = 0DBB59B5182C1734002353CF /* sq-open.png */; };
		0DBB59BA182C1742002353CF /* tri-open.png in Resources */ = {isa = PBXBuildFile; fileRef = 0DBB59B9182C1742002353CF /* tri-open.png */; };
		0DBB59BE182C18CE002353CF /* trap-open.png in Resources */ = {isa = PBXBuildFile; fileRef = 0DBB59BD182C18CE002353CF /* trap-open.png */; };
		0DEC65051835558B006AB966 /* pause.png in Resources */ = {isa = PBXBuildFile; fileRef = 0DEC65041835558B006AB966 /* pause.png */; };
		0DEC650718355611006AB966 /* level-one.png in Resources */ = {isa = PBXBuildFile; fileRef = 0DEC650618355611006AB966 /* level-one.png */; };
		724A600818259AB900852FDE /* levelsData.plist in Resources */ = {isa = PBXBuildFile; fileRef = 724A600718259AB900852FDE /* levelsData.plist */; };
		725B2AD6183544540049214F /* TemplateNode.m in Sources */ = {isa = PBXBuildFile; fileRef = 725B2AD5183544540049214F /* TemplateNode.m */; };
		D81EA892182302BF00E33EA3 /* HomeScene.m in Sources */ = {isa = PBXBuildFile; fileRef = D81EA891182302BF00E33EA3 /* HomeScene.m */; };
		D81EA89518233DC300E33EA3 /* LevelSelectionScene.m in Sources */ = {isa = PBXBuildFile; fileRef = D81EA89418233DC300E33EA3 /* LevelSelectionScene.m */; };
		D8287F981839896F0073C2AB /* LevelWonScene.m in Sources */ = {isa = PBXBuildFile; fileRef = D8287F971839896F0073C2AB /* LevelWonScene.m */; };
		D8693E47181B08AD005EE51F /* Foundation.framework in Frameworks */ = {isa = PBXBuildFile; fileRef = D8693E46181B08AD005EE51F /* Foundation.framework */; };
		D8693E49181B08AE005EE51F /* CoreGraphics.framework in Frameworks */ = {isa = PBXBuildFile; fileRef = D8693E48181B08AE005EE51F /* CoreGraphics.framework */; };
		D8693E4B181B08AE005EE51F /* UIKit.framework in Frameworks */ = {isa = PBXBuildFile; fileRef = D8693E4A181B08AE005EE51F /* UIKit.framework */; };
		D8693E4D181B08AE005EE51F /* SpriteKit.framework in Frameworks */ = {isa = PBXBuildFile; fileRef = D8693E4C181B08AE005EE51F /* SpriteKit.framework */; };
		D8693E53181B08AE005EE51F /* InfoPlist.strings in Resources */ = {isa = PBXBuildFile; fileRef = D8693E51181B08AE005EE51F /* InfoPlist.strings */; };
		D8693E55181B08AE005EE51F /* main.m in Sources */ = {isa = PBXBuildFile; fileRef = D8693E54181B08AE005EE51F /* main.m */; };
		D8693E59181B08AE005EE51F /* MainAppDelegate.m in Sources */ = {isa = PBXBuildFile; fileRef = D8693E58181B08AE005EE51F /* MainAppDelegate.m */; };
		D8693E5C181B08AE005EE51F /* Main.storyboard in Resources */ = {isa = PBXBuildFile; fileRef = D8693E5A181B08AE005EE51F /* Main.storyboard */; };
		D8693E5F181B08AE005EE51F /* MainViewController.m in Sources */ = {isa = PBXBuildFile; fileRef = D8693E5E181B08AE005EE51F /* MainViewController.m */; };
		D8693E66181B08AE005EE51F /* Images.xcassets in Resources */ = {isa = PBXBuildFile; fileRef = D8693E65181B08AE005EE51F /* Images.xcassets */; };
		D8693E6D181B08AE005EE51F /* XCTest.framework in Frameworks */ = {isa = PBXBuildFile; fileRef = D8693E6C181B08AE005EE51F /* XCTest.framework */; };
		D8693E6E181B08AE005EE51F /* Foundation.framework in Frameworks */ = {isa = PBXBuildFile; fileRef = D8693E46181B08AD005EE51F /* Foundation.framework */; };
		D8693E6F181B08AE005EE51F /* UIKit.framework in Frameworks */ = {isa = PBXBuildFile; fileRef = D8693E4A181B08AE005EE51F /* UIKit.framework */; };
		D8693E77181B08AE005EE51F /* InfoPlist.strings in Resources */ = {isa = PBXBuildFile; fileRef = D8693E75181B08AE005EE51F /* InfoPlist.strings */; };
		D8693E79181B08AE005EE51F /* TangramTests.m in Sources */ = {isa = PBXBuildFile; fileRef = D8693E78181B08AE005EE51F /* TangramTests.m */; };
		D8693E84181B218B005EE51F /* LevelScene.m in Sources */ = {isa = PBXBuildFile; fileRef = D8693E83181B218B005EE51F /* LevelScene.m */; };
		D8693E8D181B638A005EE51F /* BlockNode.m in Sources */ = {isa = PBXBuildFile; fileRef = D8693E8C181B638A005EE51F /* BlockNode.m */; };
/* End PBXBuildFile section */

/* Begin PBXContainerItemProxy section */
		D8693E70181B08AE005EE51F /* PBXContainerItemProxy */ = {
			isa = PBXContainerItemProxy;
			containerPortal = D8693E3B181B08AD005EE51F /* Project object */;
			proxyType = 1;
			remoteGlobalIDString = D8693E42181B08AD005EE51F;
			remoteInfo = Tangram;
		};
/* End PBXContainerItemProxy section */

/* Begin PBXFileReference section */
		03581B931835547A0015E22B /* level-selection.png */ = {isa = PBXFileReference; lastKnownFileType = image.png; path = "level-selection.png"; sourceTree = "<group>"; };
		0D2577741828B05600CC65EE /* Constants.h */ = {isa = PBXFileReference; fileEncoding = 4; lastKnownFileType = sourcecode.c.h; path = Constants.h; sourceTree = "<group>"; };
		0D25777A1828BBF600CC65EE /* LevelSelectionNode.h */ = {isa = PBXFileReference; fileEncoding = 4; lastKnownFileType = sourcecode.c.h; path = LevelSelectionNode.h; sourceTree = "<group>"; };
		0D25777B1828BBF600CC65EE /* LevelSelectionNode.m */ = {isa = PBXFileReference; fileEncoding = 4; lastKnownFileType = sourcecode.c.objc; path = LevelSelectionNode.m; sourceTree = "<group>"; };
		0D501B90181F716700870EB0 /* GameView.h */ = {isa = PBXFileReference; fileEncoding = 4; lastKnownFileType = sourcecode.c.h; path = GameView.h; sourceTree = "<group>"; };
		0D501B91181F716700870EB0 /* GameView.m */ = {isa = PBXFileReference; fileEncoding = 4; lastKnownFileType = sourcecode.c.objc; path = GameView.m; sourceTree = "<group>"; };
		0D501B93181F718400870EB0 /* LevelModel.h */ = {isa = PBXFileReference; fileEncoding = 4; lastKnownFileType = sourcecode.c.h; path = LevelModel.h; sourceTree = "<group>"; };
		0D501B94181F718400870EB0 /* LevelModel.m */ = {isa = PBXFileReference; fileEncoding = 4; lastKnownFileType = sourcecode.c.objc; path = LevelModel.m; sourceTree = "<group>"; };
		0DBB59B3182C0F5F002353CF /* para-open.png */ = {isa = PBXFileReference; lastKnownFileType = image.png; path = "para-open.png"; sourceTree = "<group>"; };
		0DBB59B5182C1734002353CF /* sq-open.png */ = {isa = PBXFileReference; lastKnownFileType = image.png; path = "sq-open.png"; sourceTree = "<group>"; };
		0DBB59B9182C1742002353CF /* tri-open.png */ = {isa = PBXFileReference; lastKnownFileType = image.png; path = "tri-open.png"; sourceTree = "<group>"; };
		0DBB59BD182C18CE002353CF /* trap-open.png */ = {isa = PBXFileReference; lastKnownFileType = image.png; path = "trap-open.png"; sourceTree = "<group>"; };
		0DEC65041835558B006AB966 /* pause.png */ = {isa = PBXFileReference; lastKnownFileType = image.png; path = pause.png; sourceTree = "<group>"; };
		0DEC650618355611006AB966 /* level-one.png */ = {isa = PBXFileReference; lastKnownFileType = image.png; path = "level-one.png"; sourceTree = "<group>"; };
		724A600718259AB900852FDE /* levelsData.plist */ = {isa = PBXFileReference; fileEncoding = 4; lastKnownFileType = text.plist.xml; path = levelsData.plist; sourceTree = "<group>"; };
		725B2AD4183544540049214F /* TemplateNode.h */ = {isa = PBXFileReference; fileEncoding = 4; lastKnownFileType = sourcecode.c.h; path = TemplateNode.h; sourceTree = "<group>"; };
		725B2AD5183544540049214F /* TemplateNode.m */ = {isa = PBXFileReference; fileEncoding = 4; lastKnownFileType = sourcecode.c.objc; path = TemplateNode.m; sourceTree = "<group>"; };
		D81EA890182302BF00E33EA3 /* HomeScene.h */ = {isa = PBXFileReference; fileEncoding = 4; lastKnownFileType = sourcecode.c.h; path = HomeScene.h; sourceTree = "<group>"; };
		D81EA891182302BF00E33EA3 /* HomeScene.m */ = {isa = PBXFileReference; fileEncoding = 4; lastKnownFileType = sourcecode.c.objc; path = HomeScene.m; sourceTree = "<group>"; };
		D81EA89318233DC200E33EA3 /* LevelSelectionScene.h */ = {isa = PBXFileReference; fileEncoding = 4; lastKnownFileType = sourcecode.c.h; path = LevelSelectionScene.h; sourceTree = "<group>"; };
		D81EA89418233DC300E33EA3 /* LevelSelectionScene.m */ = {isa = PBXFileReference; fileEncoding = 4; lastKnownFileType = sourcecode.c.objc; path = LevelSelectionScene.m; sourceTree = "<group>"; };
		D8287F961839896F0073C2AB /* LevelWonScene.h */ = {isa = PBXFileReference; fileEncoding = 4; lastKnownFileType = sourcecode.c.h; path = LevelWonScene.h; sourceTree = "<group>"; };
		D8287F971839896F0073C2AB /* LevelWonScene.m */ = {isa = PBXFileReference; fileEncoding = 4; lastKnownFileType = sourcecode.c.objc; path = LevelWonScene.m; sourceTree = "<group>"; };
		D8693E43181B08AD005EE51F /* Tangram.app */ = {isa = PBXFileReference; explicitFileType = wrapper.application; includeInIndex = 0; path = Tangram.app; sourceTree = BUILT_PRODUCTS_DIR; };
		D8693E46181B08AD005EE51F /* Foundation.framework */ = {isa = PBXFileReference; lastKnownFileType = wrapper.framework; name = Foundation.framework; path = System/Library/Frameworks/Foundation.framework; sourceTree = SDKROOT; };
		D8693E48181B08AE005EE51F /* CoreGraphics.framework */ = {isa = PBXFileReference; lastKnownFileType = wrapper.framework; name = CoreGraphics.framework; path = System/Library/Frameworks/CoreGraphics.framework; sourceTree = SDKROOT; };
		D8693E4A181B08AE005EE51F /* UIKit.framework */ = {isa = PBXFileReference; lastKnownFileType = wrapper.framework; name = UIKit.framework; path = System/Library/Frameworks/UIKit.framework; sourceTree = SDKROOT; };
		D8693E4C181B08AE005EE51F /* SpriteKit.framework */ = {isa = PBXFileReference; lastKnownFileType = wrapper.framework; name = SpriteKit.framework; path = System/Library/Frameworks/SpriteKit.framework; sourceTree = SDKROOT; };
		D8693E50181B08AE005EE51F /* Tangram-Info.plist */ = {isa = PBXFileReference; lastKnownFileType = text.plist.xml; path = "Tangram-Info.plist"; sourceTree = "<group>"; };
		D8693E52181B08AE005EE51F /* en */ = {isa = PBXFileReference; lastKnownFileType = text.plist.strings; name = en; path = en.lproj/InfoPlist.strings; sourceTree = "<group>"; };
		D8693E54181B08AE005EE51F /* main.m */ = {isa = PBXFileReference; lastKnownFileType = sourcecode.c.objc; path = main.m; sourceTree = "<group>"; };
		D8693E56181B08AE005EE51F /* Tangram-Prefix.pch */ = {isa = PBXFileReference; lastKnownFileType = sourcecode.c.h; path = "Tangram-Prefix.pch"; sourceTree = "<group>"; };
		D8693E57181B08AE005EE51F /* MainAppDelegate.h */ = {isa = PBXFileReference; lastKnownFileType = sourcecode.c.h; path = MainAppDelegate.h; sourceTree = "<group>"; };
		D8693E58181B08AE005EE51F /* MainAppDelegate.m */ = {isa = PBXFileReference; lastKnownFileType = sourcecode.c.objc; path = MainAppDelegate.m; sourceTree = "<group>"; };
		D8693E5B181B08AE005EE51F /* Base */ = {isa = PBXFileReference; lastKnownFileType = file.storyboard; name = Base; path = Base.lproj/Main.storyboard; sourceTree = "<group>"; };
		D8693E5D181B08AE005EE51F /* MainViewController.h */ = {isa = PBXFileReference; lastKnownFileType = sourcecode.c.h; path = MainViewController.h; sourceTree = "<group>"; };
		D8693E5E181B08AE005EE51F /* MainViewController.m */ = {isa = PBXFileReference; lastKnownFileType = sourcecode.c.objc; path = MainViewController.m; sourceTree = "<group>"; };
		D8693E65181B08AE005EE51F /* Images.xcassets */ = {isa = PBXFileReference; lastKnownFileType = folder.assetcatalog; path = Images.xcassets; sourceTree = "<group>"; };
		D8693E6B181B08AE005EE51F /* TangramTests.xctest */ = {isa = PBXFileReference; explicitFileType = wrapper.cfbundle; includeInIndex = 0; path = TangramTests.xctest; sourceTree = BUILT_PRODUCTS_DIR; };
		D8693E6C181B08AE005EE51F /* XCTest.framework */ = {isa = PBXFileReference; lastKnownFileType = wrapper.framework; name = XCTest.framework; path = Library/Frameworks/XCTest.framework; sourceTree = DEVELOPER_DIR; };
		D8693E74181B08AE005EE51F /* TangramTests-Info.plist */ = {isa = PBXFileReference; lastKnownFileType = text.plist.xml; path = "TangramTests-Info.plist"; sourceTree = "<group>"; };
		D8693E76181B08AE005EE51F /* en */ = {isa = PBXFileReference; lastKnownFileType = text.plist.strings; name = en; path = en.lproj/InfoPlist.strings; sourceTree = "<group>"; };
		D8693E78181B08AE005EE51F /* TangramTests.m */ = {isa = PBXFileReference; lastKnownFileType = sourcecode.c.objc; path = TangramTests.m; sourceTree = "<group>"; };
		D8693E82181B218B005EE51F /* LevelScene.h */ = {isa = PBXFileReference; fileEncoding = 4; lastKnownFileType = sourcecode.c.h; path = LevelScene.h; sourceTree = "<group>"; };
		D8693E83181B218B005EE51F /* LevelScene.m */ = {isa = PBXFileReference; fileEncoding = 4; lastKnownFileType = sourcecode.c.objc; path = LevelScene.m; sourceTree = "<group>"; };
		D8693E8B181B638A005EE51F /* BlockNode.h */ = {isa = PBXFileReference; fileEncoding = 4; lastKnownFileType = sourcecode.c.h; path = BlockNode.h; sourceTree = "<group>"; };
		D8693E8C181B638A005EE51F /* BlockNode.m */ = {isa = PBXFileReference; fileEncoding = 4; lastKnownFileType = sourcecode.c.objc; path = BlockNode.m; sourceTree = "<group>"; };
/* End PBXFileReference section */

/* Begin PBXFrameworksBuildPhase section */
		D8693E40181B08AD005EE51F /* Frameworks */ = {
			isa = PBXFrameworksBuildPhase;
			buildActionMask = 2147483647;
			files = (
				D8693E49181B08AE005EE51F /* CoreGraphics.framework in Frameworks */,
				D8693E4B181B08AE005EE51F /* UIKit.framework in Frameworks */,
				D8693E4D181B08AE005EE51F /* SpriteKit.framework in Frameworks */,
				D8693E47181B08AD005EE51F /* Foundation.framework in Frameworks */,
			);
			runOnlyForDeploymentPostprocessing = 0;
		};
		D8693E68181B08AE005EE51F /* Frameworks */ = {
			isa = PBXFrameworksBuildPhase;
			buildActionMask = 2147483647;
			files = (
				D8693E6D181B08AE005EE51F /* XCTest.framework in Frameworks */,
				D8693E6F181B08AE005EE51F /* UIKit.framework in Frameworks */,
				D8693E6E181B08AE005EE51F /* Foundation.framework in Frameworks */,
			);
			runOnlyForDeploymentPostprocessing = 0;
		};
/* End PBXFrameworksBuildPhase section */

/* Begin PBXGroup section */
		0D501B8F181F713200870EB0 /* models */ = {
			isa = PBXGroup;
			children = (
				0D501B90181F716700870EB0 /* GameView.h */,
				0D501B91181F716700870EB0 /* GameView.m */,
				0D501B93181F718400870EB0 /* LevelModel.h */,
				0D501B94181F718400870EB0 /* LevelModel.m */,
			);
			name = models;
			sourceTree = "<group>";
		};
		0D501B96181F71EC00870EB0 /* scenes */ = {
			isa = PBXGroup;
			children = (
				D8693E82181B218B005EE51F /* LevelScene.h */,
				D8693E83181B218B005EE51F /* LevelScene.m */,
				D8287F961839896F0073C2AB /* LevelWonScene.h */,
				D8287F971839896F0073C2AB /* LevelWonScene.m */,
				D81EA890182302BF00E33EA3 /* HomeScene.h */,
				D81EA891182302BF00E33EA3 /* HomeScene.m */,
				D81EA89318233DC200E33EA3 /* LevelSelectionScene.h */,
				D81EA89418233DC300E33EA3 /* LevelSelectionScene.m */,
			);
			name = scenes;
			sourceTree = "<group>";
		};
		0D501B97181F720F00870EB0 /* nodes */ = {
			isa = PBXGroup;
			children = (
				D8693E8B181B638A005EE51F /* BlockNode.h */,
				D8693E8C181B638A005EE51F /* BlockNode.m */,
				0D25777A1828BBF600CC65EE /* LevelSelectionNode.h */,
				0D25777B1828BBF600CC65EE /* LevelSelectionNode.m */,
				725B2AD4183544540049214F /* TemplateNode.h */,
				725B2AD5183544540049214F /* TemplateNode.m */,
			);
			name = nodes;
			sourceTree = "<group>";
		};
		D8693E3A181B08AD005EE51F = {
			isa = PBXGroup;
			children = (
				D8693E4E181B08AE005EE51F /* Tangram */,
				D8693E72181B08AE005EE51F /* TangramTests */,
				D8693E45181B08AD005EE51F /* Frameworks */,
				D8693E44181B08AD005EE51F /* Products */,
			);
			sourceTree = "<group>";
		};
		D8693E44181B08AD005EE51F /* Products */ = {
			isa = PBXGroup;
			children = (
				D8693E43181B08AD005EE51F /* Tangram.app */,
				D8693E6B181B08AE005EE51F /* TangramTests.xctest */,
			);
			name = Products;
			sourceTree = "<group>";
		};
		D8693E45181B08AD005EE51F /* Frameworks */ = {
			isa = PBXGroup;
			children = (
				D8693E46181B08AD005EE51F /* Foundation.framework */,
				D8693E48181B08AE005EE51F /* CoreGraphics.framework */,
				D8693E4A181B08AE005EE51F /* UIKit.framework */,
				D8693E4C181B08AE005EE51F /* SpriteKit.framework */,
				D8693E6C181B08AE005EE51F /* XCTest.framework */,
			);
			name = Frameworks;
			sourceTree = "<group>";
		};
		D8693E4E181B08AE005EE51F /* Tangram */ = {
			isa = PBXGroup;
			children = (
				D8693E91181C8166005EE51F /* art.atlas */,
				D8693E57181B08AE005EE51F /* MainAppDelegate.h */,
				0D2577741828B05600CC65EE /* Constants.h */,
				D8693E58181B08AE005EE51F /* MainAppDelegate.m */,
				D8693E5A181B08AE005EE51F /* Main.storyboard */,
				D8693E5D181B08AE005EE51F /* MainViewController.h */,
				D8693E5E181B08AE005EE51F /* MainViewController.m */,
				0D501B96181F71EC00870EB0 /* scenes */,
				D8693E65181B08AE005EE51F /* Images.xcassets */,
				D8693E4F181B08AE005EE51F /* Supporting Files */,
				0D501B97181F720F00870EB0 /* nodes */,
				0D501B8F181F713200870EB0 /* models */,
			);
			path = Tangram;
			sourceTree = "<group>";
		};
		D8693E4F181B08AE005EE51F /* Supporting Files */ = {
			isa = PBXGroup;
			children = (
				D8693E50181B08AE005EE51F /* Tangram-Info.plist */,
				D8693E51181B08AE005EE51F /* InfoPlist.strings */,
				D8693E54181B08AE005EE51F /* main.m */,
				D8693E56181B08AE005EE51F /* Tangram-Prefix.pch */,
				724A600718259AB900852FDE /* levelsData.plist */,
			);
			name = "Supporting Files";
			sourceTree = "<group>";
		};
		D8693E72181B08AE005EE51F /* TangramTests */ = {
			isa = PBXGroup;
			children = (
				D8693E78181B08AE005EE51F /* TangramTests.m */,
				D8693E73181B08AE005EE51F /* Supporting Files */,
			);
			path = TangramTests;
			sourceTree = "<group>";
		};
		D8693E73181B08AE005EE51F /* Supporting Files */ = {
			isa = PBXGroup;
			children = (
				D8693E74181B08AE005EE51F /* TangramTests-Info.plist */,
				D8693E75181B08AE005EE51F /* InfoPlist.strings */,
			);
			name = "Supporting Files";
			sourceTree = "<group>";
		};
		D8693E91181C8166005EE51F /* art.atlas */ = {
			isa = PBXGroup;
			children = (
				0DEC650618355611006AB966 /* level-one.png */,
				0DEC65041835558B006AB966 /* pause.png */,
				0DBB59BD182C18CE002353CF /* trap-open.png */,
				03581B931835547A0015E22B /* level-selection.png */,
				0DBB59B9182C1742002353CF /* tri-open.png */,
				0DBB59B5182C1734002353CF /* sq-open.png */,
				0DBB59B3182C0F5F002353CF /* para-open.png */,
			);
			name = art.atlas;
			sourceTree = "<group>";
		};
/* End PBXGroup section */

/* Begin PBXNativeTarget section */
		D8693E42181B08AD005EE51F /* Tangram */ = {
			isa = PBXNativeTarget;
			buildConfigurationList = D8693E7C181B08AE005EE51F /* Build configuration list for PBXNativeTarget "Tangram" */;
			buildPhases = (
				D8693E3F181B08AD005EE51F /* Sources */,
				D8693E40181B08AD005EE51F /* Frameworks */,
				D8693E41181B08AD005EE51F /* Resources */,
			);
			buildRules = (
			);
			dependencies = (
			);
			name = Tangram;
			productName = Tangram;
			productReference = D8693E43181B08AD005EE51F /* Tangram.app */;
			productType = "com.apple.product-type.application";
		};
		D8693E6A181B08AE005EE51F /* TangramTests */ = {
			isa = PBXNativeTarget;
			buildConfigurationList = D8693E7F181B08AE005EE51F /* Build configuration list for PBXNativeTarget "TangramTests" */;
			buildPhases = (
				D8693E67181B08AE005EE51F /* Sources */,
				D8693E68181B08AE005EE51F /* Frameworks */,
				D8693E69181B08AE005EE51F /* Resources */,
			);
			buildRules = (
			);
			dependencies = (
				D8693E71181B08AE005EE51F /* PBXTargetDependency */,
			);
			name = TangramTests;
			productName = TangramTests;
			productReference = D8693E6B181B08AE005EE51F /* TangramTests.xctest */;
			productType = "com.apple.product-type.bundle.unit-test";
		};
/* End PBXNativeTarget section */

/* Begin PBXProject section */
		D8693E3B181B08AD005EE51F /* Project object */ = {
			isa = PBXProject;
			attributes = {
				CLASSPREFIX = Main;
				LastUpgradeCheck = 0500;
				ORGANIZATIONNAME = "Joe Newbry";
				TargetAttributes = {
					D8693E6A181B08AE005EE51F = {
						TestTargetID = D8693E42181B08AD005EE51F;
					};
				};
			};
			buildConfigurationList = D8693E3E181B08AD005EE51F /* Build configuration list for PBXProject "Tangram" */;
			compatibilityVersion = "Xcode 3.2";
			developmentRegion = English;
			hasScannedForEncodings = 0;
			knownRegions = (
				en,
				Base,
			);
			mainGroup = D8693E3A181B08AD005EE51F;
			productRefGroup = D8693E44181B08AD005EE51F /* Products */;
			projectDirPath = "";
			projectRoot = "";
			targets = (
				D8693E42181B08AD005EE51F /* Tangram */,
				D8693E6A181B08AE005EE51F /* TangramTests */,
			);
		};
/* End PBXProject section */

/* Begin PBXResourcesBuildPhase section */
		D8693E41181B08AD005EE51F /* Resources */ = {
			isa = PBXResourcesBuildPhase;
			buildActionMask = 2147483647;
			files = (
				0DEC650718355611006AB966 /* level-one.png in Resources */,
				D8693E53181B08AE005EE51F /* InfoPlist.strings in Resources */,
				0DBB59B6182C1734002353CF /* sq-open.png in Resources */,
				0DEC65051835558B006AB966 /* pause.png in Resources */,
				724A600818259AB900852FDE /* levelsData.plist in Resources */,
				D8693E66181B08AE005EE51F /* Images.xcassets in Resources */,
				0DBB59B4182C0F5F002353CF /* para-open.png in Resources */,
				03581B941835547A0015E22B /* level-selection.png in Resources */,
				0DBB59BA182C1742002353CF /* tri-open.png in Resources */,
				0DBB59BE182C18CE002353CF /* trap-open.png in Resources */,
				D8693E5C181B08AE005EE51F /* Main.storyboard in Resources */,
			);
			runOnlyForDeploymentPostprocessing = 0;
		};
		D8693E69181B08AE005EE51F /* Resources */ = {
			isa = PBXResourcesBuildPhase;
			buildActionMask = 2147483647;
			files = (
				D8693E77181B08AE005EE51F /* InfoPlist.strings in Resources */,
			);
			runOnlyForDeploymentPostprocessing = 0;
		};
/* End PBXResourcesBuildPhase section */

/* Begin PBXSourcesBuildPhase section */
		D8693E3F181B08AD005EE51F /* Sources */ = {
			isa = PBXSourcesBuildPhase;
			buildActionMask = 2147483647;
			files = (
				0D501B92181F716700870EB0 /* GameView.m in Sources */,
				D8693E55181B08AE005EE51F /* main.m in Sources */,
				D8693E84181B218B005EE51F /* LevelScene.m in Sources */,
				0D501B95181F718400870EB0 /* LevelModel.m in Sources */,
				D8287F981839896F0073C2AB /* LevelWonScene.m in Sources */,
				725B2AD6183544540049214F /* TemplateNode.m in Sources */,
				D8693E8D181B638A005EE51F /* BlockNode.m in Sources */,
				0D25777C1828BBF600CC65EE /* LevelSelectionNode.m in Sources */,
				D81EA892182302BF00E33EA3 /* HomeScene.m in Sources */,
				D8693E5F181B08AE005EE51F /* MainViewController.m in Sources */,
				D81EA89518233DC300E33EA3 /* LevelSelectionScene.m in Sources */,
				D8693E59181B08AE005EE51F /* MainAppDelegate.m in Sources */,
			);
			runOnlyForDeploymentPostprocessing = 0;
		};
		D8693E67181B08AE005EE51F /* Sources */ = {
			isa = PBXSourcesBuildPhase;
			buildActionMask = 2147483647;
			files = (
				D8693E79181B08AE005EE51F /* TangramTests.m in Sources */,
			);
			runOnlyForDeploymentPostprocessing = 0;
		};
/* End PBXSourcesBuildPhase section */

/* Begin PBXTargetDependency section */
		D8693E71181B08AE005EE51F /* PBXTargetDependency */ = {
			isa = PBXTargetDependency;
			target = D8693E42181B08AD005EE51F /* Tangram */;
			targetProxy = D8693E70181B08AE005EE51F /* PBXContainerItemProxy */;
		};
/* End PBXTargetDependency section */

/* Begin PBXVariantGroup section */
		D8693E51181B08AE005EE51F /* InfoPlist.strings */ = {
			isa = PBXVariantGroup;
			children = (
				D8693E52181B08AE005EE51F /* en */,
			);
			name = InfoPlist.strings;
			sourceTree = "<group>";
		};
		D8693E5A181B08AE005EE51F /* Main.storyboard */ = {
			isa = PBXVariantGroup;
			children = (
				D8693E5B181B08AE005EE51F /* Base */,
			);
			name = Main.storyboard;
			sourceTree = "<group>";
		};
		D8693E75181B08AE005EE51F /* InfoPlist.strings */ = {
			isa = PBXVariantGroup;
			children = (
				D8693E76181B08AE005EE51F /* en */,
			);
			name = InfoPlist.strings;
			sourceTree = "<group>";
		};
/* End PBXVariantGroup section */

/* Begin XCBuildConfiguration section */
		D8693E7A181B08AE005EE51F /* Debug */ = {
			isa = XCBuildConfiguration;
			buildSettings = {
				ALWAYS_SEARCH_USER_PATHS = NO;
				ARCHS = "$(ARCHS_STANDARD_INCLUDING_64_BIT)";
				CLANG_CXX_LANGUAGE_STANDARD = "gnu++0x";
				CLANG_CXX_LIBRARY = "libc++";
				CLANG_ENABLE_MODULES = YES;
				CLANG_ENABLE_OBJC_ARC = YES;
				CLANG_WARN_BOOL_CONVERSION = YES;
				CLANG_WARN_CONSTANT_CONVERSION = YES;
				CLANG_WARN_DIRECT_OBJC_ISA_USAGE = YES_ERROR;
				CLANG_WARN_EMPTY_BODY = YES;
				CLANG_WARN_ENUM_CONVERSION = YES;
				CLANG_WARN_INT_CONVERSION = YES;
				CLANG_WARN_OBJC_ROOT_CLASS = YES_ERROR;
				CLANG_WARN__DUPLICATE_METHOD_MATCH = YES;
				"CODE_SIGN_IDENTITY[sdk=iphoneos*]" = "iPhone Developer";
				COPY_PHASE_STRIP = NO;
				GCC_C_LANGUAGE_STANDARD = gnu99;
				GCC_DYNAMIC_NO_PIC = NO;
				GCC_OPTIMIZATION_LEVEL = 0;
				GCC_PREPROCESSOR_DEFINITIONS = (
					"DEBUG=1",
					"$(inherited)",
				);
				GCC_SYMBOLS_PRIVATE_EXTERN = NO;
				GCC_WARN_64_TO_32_BIT_CONVERSION = YES;
				GCC_WARN_ABOUT_RETURN_TYPE = YES_ERROR;
				GCC_WARN_UNDECLARED_SELECTOR = YES;
				GCC_WARN_UNINITIALIZED_AUTOS = YES;
				GCC_WARN_UNUSED_FUNCTION = YES;
				GCC_WARN_UNUSED_VARIABLE = YES;
				IPHONEOS_DEPLOYMENT_TARGET = 7.0;
				ONLY_ACTIVE_ARCH = YES;
				SDKROOT = iphoneos;
				TARGETED_DEVICE_FAMILY = 2;
			};
			name = Debug;
		};
		D8693E7B181B08AE005EE51F /* Release */ = {
			isa = XCBuildConfiguration;
			buildSettings = {
				ALWAYS_SEARCH_USER_PATHS = NO;
				ARCHS = "$(ARCHS_STANDARD_INCLUDING_64_BIT)";
				CLANG_CXX_LANGUAGE_STANDARD = "gnu++0x";
				CLANG_CXX_LIBRARY = "libc++";
				CLANG_ENABLE_MODULES = YES;
				CLANG_ENABLE_OBJC_ARC = YES;
				CLANG_WARN_BOOL_CONVERSION = YES;
				CLANG_WARN_CONSTANT_CONVERSION = YES;
				CLANG_WARN_DIRECT_OBJC_ISA_USAGE = YES_ERROR;
				CLANG_WARN_EMPTY_BODY = YES;
				CLANG_WARN_ENUM_CONVERSION = YES;
				CLANG_WARN_INT_CONVERSION = YES;
				CLANG_WARN_OBJC_ROOT_CLASS = YES_ERROR;
				CLANG_WARN__DUPLICATE_METHOD_MATCH = YES;
				"CODE_SIGN_IDENTITY[sdk=iphoneos*]" = "iPhone Developer";
				COPY_PHASE_STRIP = YES;
				ENABLE_NS_ASSERTIONS = NO;
				GCC_C_LANGUAGE_STANDARD = gnu99;
				GCC_WARN_64_TO_32_BIT_CONVERSION = YES;
				GCC_WARN_ABOUT_RETURN_TYPE = YES_ERROR;
				GCC_WARN_UNDECLARED_SELECTOR = YES;
				GCC_WARN_UNINITIALIZED_AUTOS = YES;
				GCC_WARN_UNUSED_FUNCTION = YES;
				GCC_WARN_UNUSED_VARIABLE = YES;
				IPHONEOS_DEPLOYMENT_TARGET = 7.0;
				SDKROOT = iphoneos;
				TARGETED_DEVICE_FAMILY = 2;
				VALIDATE_PRODUCT = YES;
			};
			name = Release;
		};
		D8693E7D181B08AE005EE51F /* Debug */ = {
			isa = XCBuildConfiguration;
			buildSettings = {
				ASSETCATALOG_COMPILER_APPICON_NAME = AppIcon;
				ASSETCATALOG_COMPILER_LAUNCHIMAGE_NAME = LaunchImage;
				GCC_PRECOMPILE_PREFIX_HEADER = YES;
				GCC_PREFIX_HEADER = "Tangram/Tangram-Prefix.pch";
				INFOPLIST_FILE = "Tangram/Tangram-Info.plist";
				PRODUCT_NAME = "$(TARGET_NAME)";
				SPRITEKIT_TEXTURE_ATLAS_OUTPUT = YES;
				WRAPPER_EXTENSION = app;
			};
			name = Debug;
		};
		D8693E7E181B08AE005EE51F /* Release */ = {
			isa = XCBuildConfiguration;
			buildSettings = {
				ASSETCATALOG_COMPILER_APPICON_NAME = AppIcon;
				ASSETCATALOG_COMPILER_LAUNCHIMAGE_NAME = LaunchImage;
				GCC_PRECOMPILE_PREFIX_HEADER = YES;
				GCC_PREFIX_HEADER = "Tangram/Tangram-Prefix.pch";
				INFOPLIST_FILE = "Tangram/Tangram-Info.plist";
				PRODUCT_NAME = "$(TARGET_NAME)";
				SPRITEKIT_TEXTURE_ATLAS_OUTPUT = YES;
				WRAPPER_EXTENSION = app;
			};
			name = Release;
		};
		D8693E80181B08AE005EE51F /* Debug */ = {
			isa = XCBuildConfiguration;
			buildSettings = {
				ARCHS = "$(ARCHS_STANDARD_INCLUDING_64_BIT)";
				BUNDLE_LOADER = "$(BUILT_PRODUCTS_DIR)/Tangram.app/Tangram";
				FRAMEWORK_SEARCH_PATHS = (
					"$(SDKROOT)/Developer/Library/Frameworks",
					"$(inherited)",
					"$(DEVELOPER_FRAMEWORKS_DIR)",
				);
				GCC_PRECOMPILE_PREFIX_HEADER = YES;
				GCC_PREFIX_HEADER = "Tangram/Tangram-Prefix.pch";
				GCC_PREPROCESSOR_DEFINITIONS = (
					"DEBUG=1",
					"$(inherited)",
				);
				INFOPLIST_FILE = "TangramTests/TangramTests-Info.plist";
				PRODUCT_NAME = "$(TARGET_NAME)";
				TEST_HOST = "$(BUNDLE_LOADER)";
				WRAPPER_EXTENSION = xctest;
			};
			name = Debug;
		};
		D8693E81181B08AE005EE51F /* Release */ = {
			isa = XCBuildConfiguration;
			buildSettings = {
				ARCHS = "$(ARCHS_STANDARD_INCLUDING_64_BIT)";
				BUNDLE_LOADER = "$(BUILT_PRODUCTS_DIR)/Tangram.app/Tangram";
				FRAMEWORK_SEARCH_PATHS = (
					"$(SDKROOT)/Developer/Library/Frameworks",
					"$(inherited)",
					"$(DEVELOPER_FRAMEWORKS_DIR)",
				);
				GCC_PRECOMPILE_PREFIX_HEADER = YES;
				GCC_PREFIX_HEADER = "Tangram/Tangram-Prefix.pch";
				INFOPLIST_FILE = "TangramTests/TangramTests-Info.plist";
				PRODUCT_NAME = "$(TARGET_NAME)";
				TEST_HOST = "$(BUNDLE_LOADER)";
				WRAPPER_EXTENSION = xctest;
			};
			name = Release;
		};
/* End XCBuildConfiguration section */

/* Begin XCConfigurationList section */
		D8693E3E181B08AD005EE51F /* Build configuration list for PBXProject "Tangram" */ = {
			isa = XCConfigurationList;
			buildConfigurations = (
				D8693E7A181B08AE005EE51F /* Debug */,
				D8693E7B181B08AE005EE51F /* Release */,
			);
			defaultConfigurationIsVisible = 0;
			defaultConfigurationName = Release;
		};
		D8693E7C181B08AE005EE51F /* Build configuration list for PBXNativeTarget "Tangram" */ = {
			isa = XCConfigurationList;
			buildConfigurations = (
				D8693E7D181B08AE005EE51F /* Debug */,
				D8693E7E181B08AE005EE51F /* Release */,
			);
			defaultConfigurationIsVisible = 0;
			defaultConfigurationName = Release;
		};
		D8693E7F181B08AE005EE51F /* Build configuration list for PBXNativeTarget "TangramTests" */ = {
			isa = XCConfigurationList;
			buildConfigurations = (
				D8693E80181B08AE005EE51F /* Debug */,
				D8693E81181B08AE005EE51F /* Release */,
			);
			defaultConfigurationIsVisible = 0;
			defaultConfigurationName = Release;
		};
/* End XCConfigurationList section */
	};
	rootObject = D8693E3B181B08AD005EE51F /* Project object */;
}
